
Microsoft Visual Studio Solution File, Format Version 12.00
# Visual Studio 15
VisualStudioVersion = 15.0.28307.329
MinimumVisualStudioVersion = 10.0.40219.1
Project("{FAE04EC0-301F-11D3-BF4B-00C04F79EFBC}") = "InfiniteFlight.ApiClient", "InfiniteFlight.ApiClient\InfiniteFlight.ApiClient.csproj", "{F07CD3F6-B85D-40D5-B9D6-24E4A1A9DEF9}"
EndProject
Global
	GlobalSection(SolutionConfigurationPlatforms) = preSolution
		Debug|Any CPU = Debug|Any CPU
		Release|Any CPU = Release|Any CPU
	EndGlobalSection
	GlobalSection(ProjectConfigurationPlatforms) = postSolution
		{F07CD3F6-B85D-40D5-B9D6-24E4A1A9DEF9}.Debug|Any CPU.ActiveCfg = Debug|Any CPU
		{F07CD3F6-B85D-40D5-B9D6-24E4A1A9DEF9}.Debug|Any CPU.Build.0 = Debug|Any CPU
		{F07CD3F6-B85D-40D5-B9D6-24E4A1A9DEF9}.Release|Any CPU.ActiveCfg = Release|Any CPU
		{F07CD3F6-B85D-40D5-B9D6-24E4A1A9DEF9}.Release|Any CPU.Build.0 = Release|Any CPU
	EndGlobalSection
	GlobalSection(SolutionProperties) = preSolution
		HideSolutionNode = FALSE
	EndGlobalSection
	GlobalSection(ExtensibilityGlobals) = postSolution
		SolutionGuid = {2E2B0AFB-7E32-4CEE-A40F-4070D3577370}
	EndGlobalSection
EndGlobal
